# generated by rye
# use `rye lock` or `rye sync` to update this lockfile
#
# last locked with the following flags:
#   pre: false
#   features: []
#   all-features: false
#   with-sources: false
#   generate-hashes: false
#   universal: false

-e file:.
annotated-types==0.6.0
    # via pydantic
cfgv==3.4.0
    # via pre-commit
distlib==0.3.8
    # via virtualenv
filelock==3.13.4
    # via virtualenv
identify==2.5.36
    # via pre-commit
iniconfig==2.0.0
    # via pytest
nodeenv==1.8.0
    # via pre-commit
packaging==24.0
    # via pytest
platformdirs==4.2.1
    # via virtualenv
pluggy==1.5.0
    # via pytest
pre-commit==3.7.0
pydantic==2.7.1
    # via rygen
pydantic-core==2.18.2
    # via pydantic
pytest==8.1.1
    # via pytest-asyncio
pytest-asyncio==0.23.6
python-dotenv==1.0.1
    # via rygen
pyyaml==6.0.1
    # via pre-commit
ruff==0.4.1
setuptools==69.5.1
    # via nodeenv
tomlkit==0.13.2
    # via rygen
typing-extensions==4.11.0
    # via pydantic
    # via pydantic-core
virtualenv==20.26.0
    # via pre-commit
