# generated by rye
# use `rye lock` or `rye sync` to update this lockfile
#
# last locked with the following flags:
#   pre: false
#   features: []
#   all-features: false
#   with-sources: false
#   generate-hashes: false
#   universal: false

-e file:.
annotated-types==0.6.0
    # via pydantic
pydantic==2.7.1
    # via rygen
pydantic-core==2.18.2
    # via pydantic
python-dotenv==1.0.1
    # via rygen
tomlkit==0.13.2
    # via rygen
typing-extensions==4.11.0
    # via pydantic
    # via pydantic-core
